
Microsoft Visual Studio Solution File, Format Version 12.00
# Visual Studio Version 16
VisualStudioVersion = 25.0.1705.0
MinimumVisualStudioVersion = 10.0.40219.1
Project("{FAE04EC0-301F-11D3-BF4B-00C04F79EFBC}") = "ChikoRokoBot.Notifier", "ChikoRokoBot.Notifier\ChikoRokoBot.Notifier.csproj", "{A1D266B3-0BBC-4D12-9982-3DED5750A458}"
EndProject
Global
	GlobalSection(SolutionConfigurationPlatforms) = preSolution
		Debug|Any CPU = Debug|Any CPU
		Release|Any CPU = Release|Any CPU
	EndGlobalSection
	GlobalSection(ProjectConfigurationPlatforms) = postSolution
		{A1D266B3-0BBC-4D12-9982-3DED5750A458}.Debug|Any CPU.ActiveCfg = Debug|Any CPU
		{A1D266B3-0BBC-4D12-9982-3DED5750A458}.Debug|Any CPU.Build.0 = Debug|Any CPU
		{A1D266B3-0BBC-4D12-9982-3DED5750A458}.Release|Any CPU.ActiveCfg = Release|Any CPU
		{A1D266B3-0BBC-4D12-9982-3DED5750A458}.Release|Any CPU.Build.0 = Release|Any CPU
	EndGlobalSection
	GlobalSection(SolutionProperties) = preSolution
		HideSolutionNode = FALSE
	EndGlobalSection
	GlobalSection(ExtensibilityGlobals) = postSolution
		SolutionGuid = {5E337D7B-7751-40D6-BFE5-32BB9D3E8820}
	EndGlobalSection
EndGlobal
